
Microsoft Visual Studio Solution File, Format Version 12.00
# Visual Studio Version 17
VisualStudioVersion = 17.11.35222.181
MinimumVisualStudioVersion = 10.0.40219.1
Project("{D954291E-2A0B-460D-934E-DC6B0785DB48}") = "CoreTools", "CoreTools\CoreTools.shproj", "{26FBEE70-5E6C-4EDD-86DB-07AFCA48C08B}"
EndProject
Project("{2150E333-8FDC-42A3-9474-1A3956D46DE8}") = "Solution Items", "Solution Items", "{C19A8830-798C-4A87-AFDE-B46E2415AC09}"
	ProjectSection(SolutionItems) = preProject
		.editorconfig = .editorconfig
		.gitignore = .gitignore
		README.md = README.md
	EndProjectSection
EndProject
Global
	GlobalSection(SolutionProperties) = preSolution
		HideSolutionNode = FALSE
	EndGlobalSection
	GlobalSection(ExtensibilityGlobals) = postSolution
		SolutionGuid = {7CB9F94F-CF8E-42BD-9B2F-2BB0F53E0852}
	EndGlobalSection
	GlobalSection(SharedMSBuildProjectFiles) = preSolution
		CoreTools\CoreTools.projitems*{26fbee70-5e6c-4edd-86db-07afca48c08b}*SharedItemsImports = 13
	EndGlobalSection
EndGlobal
